
Microsoft Visual Studio Solution File, Format Version 12.00
# Visual Studio 15
VisualStudioVersion = 15.0.26430.13
MinimumVisualStudioVersion = 10.0.40219.1
Project("{FAE04EC0-301F-11D3-BF4B-00C04F79EFBC}") = "Projet", "Projet\Projet.csproj", "{5B97CC95-B0F7-4044-839D-DF35808A8379}"
EndProject
Project("{FAE04EC0-301F-11D3-BF4B-00C04F79EFBC}") = "TestMétier", "TestMétier\TestMétier.csproj", "{B380A300-3101-4D59-9C4F-698C7D7CA13B}"
EndProject
Project("{FAE04EC0-301F-11D3-BF4B-00C04F79EFBC}") = "Métier2", "Métier2\Métier2.csproj", "{FD408344-EA4A-423C-9ABB-6B9B476E8398}"
EndProject
Project("{FAE04EC0-301F-11D3-BF4B-00C04F79EFBC}") = "XmlData", "XmlData\XmlData.csproj", "{86EC66CF-8BB5-4D7B-8A05-A9E215232D3E}"
EndProject
Project("{FAE04EC0-301F-11D3-BF4B-00C04F79EFBC}") = "StubData", "StubData\StubData.csproj", "{D1816D11-5D85-4624-AF9A-A16B12750C7C}"
EndProject
Global
	GlobalSection(SolutionConfigurationPlatforms) = preSolution
		Debug|Any CPU = Debug|Any CPU
		Debug|ARM = Debug|ARM
		Debug|x64 = Debug|x64
		Debug|x86 = Debug|x86
		Release|Any CPU = Release|Any CPU
		Release|ARM = Release|ARM
		Release|x64 = Release|x64
		Release|x86 = Release|x86
	EndGlobalSection
	GlobalSection(ProjectConfigurationPlatforms) = postSolution
		{5B97CC95-B0F7-4044-839D-DF35808A8379}.Debug|Any CPU.ActiveCfg = Debug|x86
		{5B97CC95-B0F7-4044-839D-DF35808A8379}.Debug|ARM.ActiveCfg = Debug|ARM
		{5B97CC95-B0F7-4044-839D-DF35808A8379}.Debug|ARM.Build.0 = Debug|ARM
		{5B97CC95-B0F7-4044-839D-DF35808A8379}.Debug|ARM.Deploy.0 = Debug|ARM
		{5B97CC95-B0F7-4044-839D-DF35808A8379}.Debug|x64.ActiveCfg = Debug|x64
		{5B97CC95-B0F7-4044-839D-DF35808A8379}.Debug|x64.Build.0 = Debug|x64
		{5B97CC95-B0F7-4044-839D-DF35808A8379}.Debug|x64.Deploy.0 = Debug|x64
		{5B97CC95-B0F7-4044-839D-DF35808A8379}.Debug|x86.ActiveCfg = Debug|x86
		{5B97CC95-B0F7-4044-839D-DF35808A8379}.Debug|x86.Build.0 = Debug|x86
		{5B97CC95-B0F7-4044-839D-DF35808A8379}.Debug|x86.Deploy.0 = Debug|x86
		{5B97CC95-B0F7-4044-839D-DF35808A8379}.Release|Any CPU.ActiveCfg = Release|x86
		{5B97CC95-B0F7-4044-839D-DF35808A8379}.Release|ARM.ActiveCfg = Release|ARM
		{5B97CC95-B0F7-4044-839D-DF35808A8379}.Release|ARM.Build.0 = Release|ARM
		{5B97CC95-B0F7-4044-839D-DF35808A8379}.Release|ARM.Deploy.0 = Release|ARM
		{5B97CC95-B0F7-4044-839D-DF35808A8379}.Release|x64.ActiveCfg = Release|x64
		{5B97CC95-B0F7-4044-839D-DF35808A8379}.Release|x64.Build.0 = Release|x64
		{5B97CC95-B0F7-4044-839D-DF35808A8379}.Release|x64.Deploy.0 = Release|x64
		{5B97CC95-B0F7-4044-839D-DF35808A8379}.Release|x86.ActiveCfg = Release|x86
		{5B97CC95-B0F7-4044-839D-DF35808A8379}.Release|x86.Build.0 = Release|x86
		{5B97CC95-B0F7-4044-839D-DF35808A8379}.Release|x86.Deploy.0 = Release|x86
		{B380A300-3101-4D59-9C4F-698C7D7CA13B}.Debug|Any CPU.ActiveCfg = Debug|x86
		{B380A300-3101-4D59-9C4F-698C7D7CA13B}.Debug|ARM.ActiveCfg = Debug|ARM
		{B380A300-3101-4D59-9C4F-698C7D7CA13B}.Debug|ARM.Build.0 = Debug|ARM
		{B380A300-3101-4D59-9C4F-698C7D7CA13B}.Debug|ARM.Deploy.0 = Debug|ARM
		{B380A300-3101-4D59-9C4F-698C7D7CA13B}.Debug|x64.ActiveCfg = Debug|x64
		{B380A300-3101-4D59-9C4F-698C7D7CA13B}.Debug|x64.Build.0 = Debug|x64
		{B380A300-3101-4D59-9C4F-698C7D7CA13B}.Debug|x64.Deploy.0 = Debug|x64
		{B380A300-3101-4D59-9C4F-698C7D7CA13B}.Debug|x86.ActiveCfg = Debug|x86
		{B380A300-3101-4D59-9C4F-698C7D7CA13B}.Debug|x86.Build.0 = Debug|x86
		{B380A300-3101-4D59-9C4F-698C7D7CA13B}.Debug|x86.Deploy.0 = Debug|x86
		{B380A300-3101-4D59-9C4F-698C7D7CA13B}.Release|Any CPU.ActiveCfg = Release|x86
		{B380A300-3101-4D59-9C4F-698C7D7CA13B}.Release|ARM.ActiveCfg = Release|ARM
		{B380A300-3101-4D59-9C4F-698C7D7CA13B}.Release|ARM.Build.0 = Release|ARM
		{B380A300-3101-4D59-9C4F-698C7D7CA13B}.Release|ARM.Deploy.0 = Release|ARM
		{B380A300-3101-4D59-9C4F-698C7D7CA13B}.Release|x64.ActiveCfg = Release|x64
		{B380A300-3101-4D59-9C4F-698C7D7CA13B}.Release|x64.Build.0 = Release|x64
		{B380A300-3101-4D59-9C4F-698C7D7CA13B}.Release|x64.Deploy.0 = Release|x64
		{B380A300-3101-4D59-9C4F-698C7D7CA13B}.Release|x86.ActiveCfg = Release|x86
		{B380A300-3101-4D59-9C4F-698C7D7CA13B}.Release|x86.Build.0 = Release|x86
		{B380A300-3101-4D59-9C4F-698C7D7CA13B}.Release|x86.Deploy.0 = Release|x86
		{FD408344-EA4A-423C-9ABB-6B9B476E8398}.Debug|Any CPU.ActiveCfg = Debug|Any CPU
		{FD408344-EA4A-423C-9ABB-6B9B476E8398}.Debug|Any CPU.Build.0 = Debug|Any CPU
		{FD408344-EA4A-423C-9ABB-6B9B476E8398}.Debug|ARM.ActiveCfg = Debug|ARM
		{FD408344-EA4A-423C-9ABB-6B9B476E8398}.Debug|ARM.Build.0 = Debug|ARM
		{FD408344-EA4A-423C-9ABB-6B9B476E8398}.Debug|x64.ActiveCfg = Debug|x64
		{FD408344-EA4A-423C-9ABB-6B9B476E8398}.Debug|x64.Build.0 = Debug|x64
		{FD408344-EA4A-423C-9ABB-6B9B476E8398}.Debug|x86.ActiveCfg = Debug|x86
		{FD408344-EA4A-423C-9ABB-6B9B476E8398}.Debug|x86.Build.0 = Debug|x86
		{FD408344-EA4A-423C-9ABB-6B9B476E8398}.Release|Any CPU.ActiveCfg = Release|Any CPU
		{FD408344-EA4A-423C-9ABB-6B9B476E8398}.Release|Any CPU.Build.0 = Release|Any CPU
		{FD408344-EA4A-423C-9ABB-6B9B476E8398}.Release|ARM.ActiveCfg = Release|ARM
		{FD408344-EA4A-423C-9ABB-6B9B476E8398}.Release|ARM.Build.0 = Release|ARM
		{FD408344-EA4A-423C-9ABB-6B9B476E8398}.Release|x64.ActiveCfg = Release|x64
		{FD408344-EA4A-423C-9ABB-6B9B476E8398}.Release|x64.Build.0 = Release|x64
		{FD408344-EA4A-423C-9ABB-6B9B476E8398}.Release|x86.ActiveCfg = Release|x86
		{FD408344-EA4A-423C-9ABB-6B9B476E8398}.Release|x86.Build.0 = Release|x86
		{86EC66CF-8BB5-4D7B-8A05-A9E215232D3E}.Debug|Any CPU.ActiveCfg = Debug|Any CPU
		{86EC66CF-8BB5-4D7B-8A05-A9E215232D3E}.Debug|Any CPU.Build.0 = Debug|Any CPU
		{86EC66CF-8BB5-4D7B-8A05-A9E215232D3E}.Debug|ARM.ActiveCfg = Debug|ARM
		{86EC66CF-8BB5-4D7B-8A05-A9E215232D3E}.Debug|ARM.Build.0 = Debug|ARM
		{86EC66CF-8BB5-4D7B-8A05-A9E215232D3E}.Debug|x64.ActiveCfg = Debug|x64
		{86EC66CF-8BB5-4D7B-8A05-A9E215232D3E}.Debug|x64.Build.0 = Debug|x64
		{86EC66CF-8BB5-4D7B-8A05-A9E215232D3E}.Debug|x86.ActiveCfg = Debug|x86
		{86EC66CF-8BB5-4D7B-8A05-A9E215232D3E}.Debug|x86.Build.0 = Debug|x86
		{86EC66CF-8BB5-4D7B-8A05-A9E215232D3E}.Release|Any CPU.ActiveCfg = Release|Any CPU
		{86EC66CF-8BB5-4D7B-8A05-A9E215232D3E}.Release|Any CPU.Build.0 = Release|Any CPU
		{86EC66CF-8BB5-4D7B-8A05-A9E215232D3E}.Release|ARM.ActiveCfg = Release|ARM
		{86EC66CF-8BB5-4D7B-8A05-A9E215232D3E}.Release|ARM.Build.0 = Release|ARM
		{86EC66CF-8BB5-4D7B-8A05-A9E215232D3E}.Release|x64.ActiveCfg = Release|x64
		{86EC66CF-8BB5-4D7B-8A05-A9E215232D3E}.Release|x64.Build.0 = Release|x64
		{86EC66CF-8BB5-4D7B-8A05-A9E215232D3E}.Release|x86.ActiveCfg = Release|x86
		{86EC66CF-8BB5-4D7B-8A05-A9E215232D3E}.Release|x86.Build.0 = Release|x86
		{D1816D11-5D85-4624-AF9A-A16B12750C7C}.Debug|Any CPU.ActiveCfg = Debug|Any CPU
		{D1816D11-5D85-4624-AF9A-A16B12750C7C}.Debug|Any CPU.Build.0 = Debug|Any CPU
		{D1816D11-5D85-4624-AF9A-A16B12750C7C}.Debug|ARM.ActiveCfg = Debug|ARM
		{D1816D11-5D85-4624-AF9A-A16B12750C7C}.Debug|ARM.Build.0 = Debug|ARM
		{D1816D11-5D85-4624-AF9A-A16B12750C7C}.Debug|x64.ActiveCfg = Debug|x64
		{D1816D11-5D85-4624-AF9A-A16B12750C7C}.Debug|x64.Build.0 = Debug|x64
		{D1816D11-5D85-4624-AF9A-A16B12750C7C}.Debug|x86.ActiveCfg = Debug|x86
		{D1816D11-5D85-4624-AF9A-A16B12750C7C}.Debug|x86.Build.0 = Debug|x86
		{D1816D11-5D85-4624-AF9A-A16B12750C7C}.Release|Any CPU.ActiveCfg = Release|Any CPU
		{D1816D11-5D85-4624-AF9A-A16B12750C7C}.Release|Any CPU.Build.0 = Release|Any CPU
		{D1816D11-5D85-4624-AF9A-A16B12750C7C}.Release|ARM.ActiveCfg = Release|ARM
		{D1816D11-5D85-4624-AF9A-A16B12750C7C}.Release|ARM.Build.0 = Release|ARM
		{D1816D11-5D85-4624-AF9A-A16B12750C7C}.Release|x64.ActiveCfg = Release|x64
		{D1816D11-5D85-4624-AF9A-A16B12750C7C}.Release|x64.Build.0 = Release|x64
		{D1816D11-5D85-4624-AF9A-A16B12750C7C}.Release|x86.ActiveCfg = Release|x86
		{D1816D11-5D85-4624-AF9A-A16B12750C7C}.Release|x86.Build.0 = Release|x86
	EndGlobalSection
	GlobalSection(SolutionProperties) = preSolution
		HideSolutionNode = FALSE
	EndGlobalSection
EndGlobal
